dependencies:
- name: trivy-operator
  repository: https://aquasecurity.github.io/helm-charts/
  version: 0.20.0
- name: falco
  repository: https://falcosecurity.github.io/charts
  version: 4.8.0
- name: cert-manager
  repository: https://charts.jetstack.io
  version: v1.20.1
digest: sha256:579e223663a17a54f63822c07fa8b83761365114c8b5b64112435c03e2c2ec89
generated: "2026-04-21T16:19:04.648957879+01:00"
