dependencies:
- name: external-dns
  repository: https://kubernetes-sigs.github.io/external-dns/
  version: 1.20.0
- name: external-dns
  repository: https://kubernetes-sigs.github.io/external-dns/
  version: 1.20.0
- name: gateway
  repository: https://istio-release.storage.googleapis.com/charts
  version: 1.29.1
- name: gateway
  repository: https://istio-release.storage.googleapis.com/charts
  version: 1.29.1
digest: sha256:c01998ef0df7858d6598004c18cae6f98a4dcfe5db3f1516339515284d8562af
generated: "2026-06-02T03:09:55.470822041+01:00"
