dependencies:
- name: kube-prometheus-stack
  repository: https://prometheus-community.github.io/helm-charts
  version: 82.16.0
- name: prometheus-cloudwatch-exporter
  repository: https://prometheus-community.github.io/helm-charts
  version: 0.25.3
- name: loki
  repository: https://grafana.github.io/helm-charts
  version: 6.52.0
- name: alloy
  repository: https://grafana.github.io/helm-charts
  version: 1.6.0
- name: external-dns
  repository: https://kubernetes-sigs.github.io/external-dns
  version: 1.20.0
- name: karpenter
  repository: oci://public.ecr.aws/karpenter
  version: 1.0.0
digest: sha256:bb585431868f05a7c6c1bea659b8de03984fe12385ca029a54c55efa3008cce7
generated: "2026-04-10T06:11:48.625855909+01:00"
